// !$*UTF8*$!
{
	archiveVersion = 1;
	classes = {
	};
	objectVersion = 56;
	objects = {

/* Begin PBXBuildFile section */
		2EA1222A2AC5892B008747D1 /* AppDelegate.swift in Sources */ = {isa = PBXBuildFile; fileRef = 2EA122292AC5892B008747D1 /* AppDelegate.swift */; };
		2EA1222C2AC5892B008747D1 /* SceneDelegate.swift in Sources */ = {isa = PBXBuildFile; fileRef = 2EA1222B2AC5892B008747D1 /* SceneDelegate.swift */; };
		2EA1222E2AC5892B008747D1 /* ViewController.swift in Sources */ = {isa = PBXBuildFile; fileRef = 2EA1222D2AC5892B008747D1 /* ViewController.swift */; };
		2EA122312AC5892B008747D1 /* Main.storyboard in Resources */ = {isa = PBXBuildFile; fileRef = 2EA1222F2AC5892B008747D1 /* Main.storyboard */; };
		2EA122332AC5892C008747D1 /* Assets.xcassets in Resources */ = {isa = PBXBuildFile; fileRef = 2EA122322AC5892C008747D1 /* Assets.xcassets */; };
		2EA122362AC5892C008747D1 /* LaunchScreen.storyboard in Resources */ = {isa = PBXBuildFile; fileRef = 2EA122342AC5892C008747D1 /* LaunchScreen.storyboard */; };
		2EA122452AC58A64008747D1 /* WidgetKit.framework in Frameworks */ = {isa = PBXBuildFile; fileRef = 2EA122442AC58A64008747D1 /* WidgetKit.framework */; };
		2EA122472AC58A64008747D1 /* SwiftUI.framework in Frameworks */ = {isa = PBXBuildFile; fileRef = 2EA122462AC58A64008747D1 /* SwiftUI.framework */; };
		2EA1224A2AC58A64008747D1 /* WidgetExtensionBundle.swift in Sources */ = {isa = PBXBuildFile; fileRef = 2EA122492AC58A64008747D1 /* WidgetExtensionBundle.swift */; };
		2EA1224C2AC58A64008747D1 /* WidgetExtensionLiveActivity.swift in Sources */ = {isa = PBXBuildFile; fileRef = 2EA1224B2AC58A64008747D1 /* WidgetExtensionLiveActivity.swift */; };
		2EA1224E2AC58A64008747D1 /* WidgetExtension.swift in Sources */ = {isa = PBXBuildFile; fileRef = 2EA1224D2AC58A64008747D1 /* WidgetExtension.swift */; };
		2EA122502AC58A64008747D1 /* AppIntent.swift in Sources */ = {isa = PBXBuildFile; fileRef = 2EA1224F2AC58A64008747D1 /* AppIntent.swift */; };
		2EA122522AC58A65008747D1 /* Assets.xcassets in Resources */ = {isa = PBXBuildFile; fileRef = 2EA122512AC58A65008747D1 /* Assets.xcassets */; };
		2EA122562AC58A65008747D1 /* WidgetExtensionExtension.appex in Embed Foundation Extensions */ = {isa = PBXBuildFile; fileRef = 2EA122422AC58A64008747D1 /* WidgetExtensionExtension.appex */; settings = {ATTRIBUTES = (RemoveHeadersOnCopy, ); }; };
/* End PBXBuildFile section */

/* Begin PBXContainerItemProxy section */
		2EA122542AC58A65008747D1 /* PBXContainerItemProxy */ = {
			isa = PBXContainerItemProxy;
			containerPortal = 2EA1221E2AC5892B008747D1 /* Project object */;
			proxyType = 1;
			remoteGlobalIDString = 2EA122412AC58A64008747D1;
			remoteInfo = WidgetExtensionExtension;
		};
/* End PBXContainerItemProxy section */

/* Begin PBXCopyFilesBuildPhase section */
		2EA1225A2AC58A65008747D1 /* Embed Foundation Extensions */ = {
			isa = PBXCopyFilesBuildPhase;
			buildActionMask = 2147483647;
			dstPath = "";
			dstSubfolderSpec = 13;
			files = (
				2EA122562AC58A65008747D1 /* WidgetExtensionExtension.appex in Embed Foundation Extensions */,
			);
			name = "Embed Foundation Extensions";
			runOnlyForDeploymentPostprocessing = 0;
		};
/* End PBXCopyFilesBuildPhase section */

/* Begin PBXFileReference section */
		2EA122262AC5892B008747D1 /* test1.app */ = {isa = PBXFileReference; explicitFileType = wrapper.application; includeInIndex = 0; path = test1.app; sourceTree = BUILT_PRODUCTS_DIR; };
		2EA122292AC5892B008747D1 /* AppDelegate.swift */ = {isa = PBXFileReference; lastKnownFileType = sourcecode.swift; path = AppDelegate.swift; sourceTree = "<group>"; };
		2EA1222B2AC5892B008747D1 /* SceneDelegate.swift */ = {isa = PBXFileReference; lastKnownFileType = sourcecode.swift; path = SceneDelegate.swift; sourceTree = "<group>"; };
		2EA1222D2AC5892B008747D1 /* ViewController.swift */ = {isa = PBXFileReference; lastKnownFileType = sourcecode.swift; path = ViewController.swift; sourceTree = "<group>"; };
		2EA122302AC5892B008747D1 /* Base */ = {isa = PBXFileReference; lastKnownFileType = file.storyboard; name = Base; path = Base.lproj/Main.storyboard; sourceTree = "<group>"; };
		2EA122322AC5892C008747D1 /* Assets.xcassets */ = {isa = PBXFileReference; lastKnownFileType = folder.assetcatalog; path = Assets.xcassets; sourceTree = "<group>"; };
		2EA122352AC5892C008747D1 /* Base */ = {isa = PBXFileReference; lastKnownFileType = file.storyboard; name = Base; path = Base.lproj/LaunchScreen.storyboard; sourceTree = "<group>"; };
		2EA122372AC5892C008747D1 /* Info.plist */ = {isa = PBXFileReference; lastKnownFileType = text.plist.xml; path = Info.plist; sourceTree = "<group>"; };
		2EA1223D2AC58A3B008747D1 /* test1.entitlements */ = {isa = PBXFileReference; lastKnownFileType = text.plist.entitlements; path = test1.entitlements; sourceTree = "<group>"; };
		2EA122422AC58A64008747D1 /* WidgetExtensionExtension.appex */ = {isa = PBXFileReference; explicitFileType = "wrapper.app-extension"; includeInIndex = 0; path = WidgetExtensionExtension.appex; sourceTree = BUILT_PRODUCTS_DIR; };
		2EA122442AC58A64008747D1 /* WidgetKit.framework */ = {isa = PBXFileReference; lastKnownFileType = wrapper.framework; name = WidgetKit.framework; path = System/Library/Frameworks/WidgetKit.framework; sourceTree = SDKROOT; };
		2EA122462AC58A64008747D1 /* SwiftUI.framework */ = {isa = PBXFileReference; lastKnownFileType = wrapper.framework; name = SwiftUI.framework; path = System/Library/Frameworks/SwiftUI.framework; sourceTree = SDKROOT; };
		2EA122492AC58A64008747D1 /* WidgetExtensionBundle.swift */ = {isa = PBXFileReference; lastKnownFileType = sourcecode.swift; path = WidgetExtensionBundle.swift; sourceTree = "<group>"; };
		2EA1224B2AC58A64008747D1 /* WidgetExtensionLiveActivity.swift */ = {isa = PBXFileReference; lastKnownFileType = sourcecode.swift; path = WidgetExtensionLiveActivity.swift; sourceTree = "<group>"; };
		2EA1224D2AC58A64008747D1 /* WidgetExtension.swift */ = {isa = PBXFileReference; lastKnownFileType = sourcecode.swift; path = WidgetExtension.swift; sourceTree = "<group>"; };
		2EA1224F2AC58A64008747D1 /* AppIntent.swift */ = {isa = PBXFileReference; lastKnownFileType = sourcecode.swift; path = AppIntent.swift; sourceTree = "<group>"; };
		2EA122512AC58A65008747D1 /* Assets.xcassets */ = {isa = PBXFileReference; lastKnownFileType = folder.assetcatalog; path = Assets.xcassets; sourceTree = "<group>"; };
		2EA122532AC58A65008747D1 /* Info.plist */ = {isa = PBXFileReference; lastKnownFileType = text.plist.xml; path = Info.plist; sourceTree = "<group>"; };
		2EA1225B2AC58A6D008747D1 /* WidgetExtensionExtension.entitlements */ = {isa = PBXFileReference; lastKnownFileType = text.plist.entitlements; path = WidgetExtensionExtension.entitlements; sourceTree = "<group>"; };
/* End PBXFileReference section */

/* Begin PBXFrameworksBuildPhase section */
		2EA122232AC5892B008747D1 /* Frameworks */ = {
			isa = PBXFrameworksBuildPhase;
			buildActionMask = 2147483647;
			files = (
			);
			runOnlyForDeploymentPostprocessing = 0;
		};
		2EA1223F2AC58A64008747D1 /* Frameworks */ = {
			isa = PBXFrameworksBuildPhase;
			buildActionMask = 2147483647;
			files = (
				2EA122472AC58A64008747D1 /* SwiftUI.framework in Frameworks */,
				2EA122452AC58A64008747D1 /* WidgetKit.framework in Frameworks */,
			);
			runOnlyForDeploymentPostprocessing = 0;
		};
/* End PBXFrameworksBuildPhase section */

/* Begin PBXGroup section */
		2EA1221D2AC5892B008747D1 = {
			isa = PBXGroup;
			children = (
				2EA1225B2AC58A6D008747D1 /* WidgetExtensionExtension.entitlements */,
				2EA122282AC5892B008747D1 /* test1 */,
				2EA122482AC58A64008747D1 /* WidgetExtension */,
				2EA122432AC58A64008747D1 /* Frameworks */,
				2EA122272AC5892B008747D1 /* Products */,
			);
			sourceTree = "<group>";
		};
		2EA122272AC5892B008747D1 /* Products */ = {
			isa = PBXGroup;
			children = (
				2EA122262AC5892B008747D1 /* test1.app */,
				2EA122422AC58A64008747D1 /* WidgetExtensionExtension.appex */,
			);
			name = Products;
			sourceTree = "<group>";
		};
		2EA122282AC5892B008747D1 /* test1 */ = {
			isa = PBXGroup;
			children = (
				2EA1223D2AC58A3B008747D1 /* test1.entitlements */,
				2EA122292AC5892B008747D1 /* AppDelegate.swift */,
				2EA1222B2AC5892B008747D1 /* SceneDelegate.swift */,
				2EA1222D2AC5892B008747D1 /* ViewController.swift */,
				2EA1222F2AC5892B008747D1 /* Main.storyboard */,
				2EA122322AC5892C008747D1 /* Assets.xcassets */,
				2EA122342AC5892C008747D1 /* LaunchScreen.storyboard */,
				2EA122372AC5892C008747D1 /* Info.plist */,
			);
			path = test1;
			sourceTree = "<group>";
		};
		2EA122432AC58A64008747D1 /* Frameworks */ = {
			isa = PBXGroup;
			children = (
				2EA122442AC58A64008747D1 /* WidgetKit.framework */,
				2EA122462AC58A64008747D1 /* SwiftUI.framework */,
			);
			name = Frameworks;
			sourceTree = "<group>";
		};
		2EA122482AC58A64008747D1 /* WidgetExtension */ = {
			isa = PBXGroup;
			children = (
				2EA122492AC58A64008747D1 /* WidgetExtensionBundle.swift */,
				2EA1224B2AC58A64008747D1 /* WidgetExtensionLiveActivity.swift */,
				2EA1224D2AC58A64008747D1 /* WidgetExtension.swift */,
				2EA1224F2AC58A64008747D1 /* AppIntent.swift */,
				2EA122512AC58A65008747D1 /* Assets.xcassets */,
				2EA122532AC58A65008747D1 /* Info.plist */,
			);
			path = WidgetExtension;
			sourceTree = "<group>";
		};
/* End PBXGroup section */

/* Begin PBXNativeTarget section */
		2EA122252AC5892B008747D1 /* test1 */ = {
			isa = PBXNativeTarget;
			buildConfigurationList = 2EA1223A2AC5892C008747D1 /* Build configuration list for PBXNativeTarget "test1" */;
			buildPhases = (
				2EA122222AC5892B008747D1 /* Sources */,
				2EA122232AC5892B008747D1 /* Frameworks */,
				2EA122242AC5892B008747D1 /* Resources */,
				2EA1225A2AC58A65008747D1 /* Embed Foundation Extensions */,
			);
			buildRules = (
			);
			dependencies = (
				2EA122552AC58A65008747D1 /* PBXTargetDependency */,
			);
			name = test1;
			productName = test1;
			productReference = 2EA122262AC5892B008747D1 /* test1.app */;
			productType = "com.apple.product-type.application";
		};
		2EA122412AC58A64008747D1 /* WidgetExtensionExtension */ = {
			isa = PBXNativeTarget;
			buildConfigurationList = 2EA122572AC58A65008747D1 /* Build configuration list for PBXNativeTarget "WidgetExtensionExtension" */;
			buildPhases = (
				2EA1223E2AC58A64008747D1 /* Sources */,
				2EA1223F2AC58A64008747D1 /* Frameworks */,
				2EA122402AC58A64008747D1 /* Resources */,
			);
			buildRules = (
			);
			dependencies = (
			);
			name = WidgetExtensionExtension;
			productName = WidgetExtensionExtension;
			productReference = 2EA122422AC58A64008747D1 /* WidgetExtensionExtension.appex */;
			productType = "com.apple.product-type.app-extension";
		};
/* End PBXNativeTarget section */

/* Begin PBXProject section */
		2EA1221E2AC5892B008747D1 /* Project object */ = {
			isa = PBXProject;
			attributes = {
				BuildIndependentTargetsInParallel = 1;
				LastSwiftUpdateCheck = 1500;
				LastUpgradeCheck = 1500;
				TargetAttributes = {
					2EA122252AC5892B008747D1 = {
						CreatedOnToolsVersion = 15.0;
					};
					2EA122412AC58A64008747D1 = {
						CreatedOnToolsVersion = 15.0;
					};
				};
			};
			buildConfigurationList = 2EA122212AC5892B008747D1 /* Build configuration list for PBXProject "test1" */;
			compatibilityVersion = "Xcode 14.0";
			developmentRegion = en;
			hasScannedForEncodings = 0;
			knownRegions = (
				en,
				Base,
			);
			mainGroup = 2EA1221D2AC5892B008747D1;
			productRefGroup = 2EA122272AC5892B008747D1 /* Products */;
			projectDirPath = "";
			projectRoot = "";
			targets = (
				2EA122252AC5892B008747D1 /* test1 */,
				2EA122412AC58A64008747D1 /* WidgetExtensionExtension */,
			);
		};
/* End PBXProject section */

/* Begin PBXResourcesBuildPhase section */
		2EA122242AC5892B008747D1 /* Resources */ = {
			isa = PBXResourcesBuildPhase;
			buildActionMask = 2147483647;
			files = (
				2EA122362AC5892C008747D1 /* LaunchScreen.storyboard in Resources */,
				2EA122332AC5892C008747D1 /* Assets.xcassets in Resources */,
				2EA122312AC5892B008747D1 /* Main.storyboard in Resources */,
			);
			runOnlyForDeploymentPostprocessing = 0;
		};
		2EA122402AC58A64008747D1 /* Resources */ = {
			isa = PBXResourcesBuildPhase;
			buildActionMask = 2147483647;
			files = (
				2EA122522AC58A65008747D1 /* Assets.xcassets in Resources */,
			);
			runOnlyForDeploymentPostprocessing = 0;
		};
/* End PBXResourcesBuildPhase section */

/* Begin PBXSourcesBuildPhase section */
		2EA122222AC5892B008747D1 /* Sources */ = {
			isa = PBXSourcesBuildPhase;
			buildActionMask = 2147483647;
			files = (
				2EA1222E2AC5892B008747D1 /* ViewController.swift in Sources */,
				2EA1222A2AC5892B008747D1 /* AppDelegate.swift in Sources */,
				2EA1222C2AC5892B008747D1 /* SceneDelegate.swift in Sources */,
			);
			runOnlyForDeploymentPostprocessing = 0;
		};
		2EA1223E2AC58A64008747D1 /* Sources */ = {
			isa = PBXSourcesBuildPhase;
			buildActionMask = 2147483647;
			files = (
				2EA1224C2AC58A64008747D1 /* WidgetExtensionLiveActivity.swift in Sources */,
				2EA122502AC58A64008747D1 /* AppIntent.swift in Sources */,
				2EA1224A2AC58A64008747D1 /* WidgetExtensionBundle.swift in Sources */,
				2EA1224E2AC58A64008747D1 /* WidgetExtension.swift in Sources */,
			);
			runOnlyForDeploymentPostprocessing = 0;
		};
/* End PBXSourcesBuildPhase section */

/* Begin PBXTargetDependency section */
		2EA122552AC58A65008747D1 /* PBXTargetDependency */ = {
			isa = PBXTargetDependency;
			target = 2EA122412AC58A64008747D1 /* WidgetExtensionExtension */;
			targetProxy = 2EA122542AC58A65008747D1 /* PBXContainerItemProxy */;
		};
/* End PBXTargetDependency section */

/* Begin PBXVariantGroup section */
		2EA1222F2AC5892B008747D1 /* Main.storyboard */ = {
			isa = PBXVariantGroup;
			children = (
				2EA122302AC5892B008747D1 /* Base */,
			);
			name = Main.storyboard;
			sourceTree = "<group>";
		};
		2EA122342AC5892C008747D1 /* LaunchScreen.storyboard */ = {
			isa = PBXVariantGroup;
			children = (
				2EA122352AC5892C008747D1 /* Base */,
			);
			name = LaunchScreen.storyboard;
			sourceTree = "<group>";
		};
/* End PBXVariantGroup section */

/* Begin XCBuildConfiguration section */
		2EA122382AC5892C008747D1 /* Debug */ = {
			isa = XCBuildConfiguration;
			buildSettings = {
				ALWAYS_SEARCH_USER_PATHS = NO;
				ASSETCATALOG_COMPILER_GENERATE_SWIFT_ASSET_SYMBOL_EXTENSIONS = YES;
				CLANG_ANALYZER_NONNULL = YES;
				CLANG_ANALYZER_NUMBER_OBJECT_CONVERSION = YES_AGGRESSIVE;
				CLANG_CXX_LANGUAGE_STANDARD = "gnu++20";
				CLANG_ENABLE_MODULES = YES;
				CLANG_ENABLE_OBJC_ARC = YES;
				CLANG_ENABLE_OBJC_WEAK = YES;
				CLANG_WARN_BLOCK_CAPTURE_AUTORELEASING = YES;
				CLANG_WARN_BOOL_CONVERSION = YES;
				CLANG_WARN_COMMA = YES;
				CLANG_WARN_CONSTANT_CONVERSION = YES;
				CLANG_WARN_DEPRECATED_OBJC_IMPLEMENTATIONS = YES;
				CLANG_WARN_DIRECT_OBJC_ISA_USAGE = YES_ERROR;
				CLANG_WARN_DOCUMENTATION_COMMENTS = YES;
				CLANG_WARN_EMPTY_BODY = YES;
				CLANG_WARN_ENUM_CONVERSION = YES;
				CLANG_WARN_INFINITE_RECURSION = YES;
				CLANG_WARN_INT_CONVERSION = YES;
				CLANG_WARN_NON_LITERAL_NULL_CONVERSION = YES;
				CLANG_WARN_OBJC_IMPLICIT_RETAIN_SELF = YES;
				CLANG_WARN_OBJC_LITERAL_CONVERSION = YES;
				CLANG_WARN_OBJC_ROOT_CLASS = YES_ERROR;
				CLANG_WARN_QUOTED_INCLUDE_IN_FRAMEWORK_HEADER = YES;
				CLANG_WARN_RANGE_LOOP_ANALYSIS = YES;
				CLANG_WARN_STRICT_PROTOTYPES = YES;
				CLANG_WARN_SUSPICIOUS_MOVE = YES;
				CLANG_WARN_UNGUARDED_AVAILABILITY = YES_AGGRESSIVE;
				CLANG_WARN_UNREACHABLE_CODE = YES;
				CLANG_WARN__DUPLICATE_METHOD_MATCH = YES;
				COPY_PHASE_STRIP = NO;
				DEBUG_INFORMATION_FORMAT = dwarf;
				ENABLE_STRICT_OBJC_MSGSEND = YES;
				ENABLE_TESTABILITY = YES;
				ENABLE_USER_SCRIPT_SANDBOXING = YES;
				GCC_C_LANGUAGE_STANDARD = gnu17;
				GCC_DYNAMIC_NO_PIC = NO;
				GCC_NO_COMMON_BLOCKS = YES;
				GCC_OPTIMIZATION_LEVEL = 0;
				GCC_PREPROCESSOR_DEFINITIONS = (
					"DEBUG=1",
					"$(inherited)",
				);
				GCC_WARN_64_TO_32_BIT_CONVERSION = YES;
				GCC_WARN_ABOUT_RETURN_TYPE = YES_ERROR;
				GCC_WARN_UNDECLARED_SELECTOR = YES;
				GCC_WARN_UNINITIALIZED_AUTOS = YES_AGGRESSIVE;
				GCC_WARN_UNUSED_FUNCTION = YES;
				GCC_WARN_UNUSED_VARIABLE = YES;
				IPHONEOS_DEPLOYMENT_TARGET = 17.0;
				LOCALIZATION_PREFERS_STRING_CATALOGS = YES;
				MTL_ENABLE_DEBUG_INFO = INCLUDE_SOURCE;
				MTL_FAST_MATH = YES;
				ONLY_ACTIVE_ARCH = YES;
				SDKROOT = iphoneos;
				SWIFT_ACTIVE_COMPILATION_CONDITIONS = "DEBUG $(inherited)";
				SWIFT_OPTIMIZATION_LEVEL = "-Onone";
			};
			name = Debug;
		};
		2EA122392AC5892C008747D1 /* Release */ = {
			isa = XCBuildConfiguration;
			buildSettings = {
				ALWAYS_SEARCH_USER_PATHS = NO;
				ASSETCATALOG_COMPILER_GENERATE_SWIFT_ASSET_SYMBOL_EXTENSIONS = YES;
				CLANG_ANALYZER_NONNULL = YES;
				CLANG_ANALYZER_NUMBER_OBJECT_CONVERSION = YES_AGGRESSIVE;
				CLANG_CXX_LANGUAGE_STANDARD = "gnu++20";
				CLANG_ENABLE_MODULES = YES;
				CLANG_ENABLE_OBJC_ARC = YES;
				CLANG_ENABLE_OBJC_WEAK = YES;
				CLANG_WARN_BLOCK_CAPTURE_AUTORELEASING = YES;
				CLANG_WARN_BOOL_CONVERSION = YES;
				CLANG_WARN_COMMA = YES;
				CLANG_WARN_CONSTANT_CONVERSION = YES;
				CLANG_WARN_DEPRECATED_OBJC_IMPLEMENTATIONS = YES;
				CLANG_WARN_DIRECT_OBJC_ISA_USAGE = YES_ERROR;
				CLANG_WARN_DOCUMENTATION_COMMENTS = YES;
				CLANG_WARN_EMPTY_BODY = YES;
				CLANG_WARN_ENUM_CONVERSION = YES;
				CLANG_WARN_INFINITE_RECURSION = YES;
				CLANG_WARN_INT_CONVERSION = YES;
				CLANG_WARN_NON_LITERAL_NULL_CONVERSION = YES;
				CLANG_WARN_OBJC_IMPLICIT_RETAIN_SELF = YES;
				CLANG_WARN_OBJC_LITERAL_CONVERSION = YES;
				CLANG_WARN_OBJC_ROOT_CLASS = YES_ERROR;
				CLANG_WARN_QUOTED_INCLUDE_IN_FRAMEWORK_HEADER = YES;
				CLANG_WARN_RANGE_LOOP_ANALYSIS = YES;
				CLANG_WARN_STRICT_PROTOTYPES = YES;
				CLANG_WARN_SUSPICIOUS_MOVE = YES;
				CLANG_WARN_UNGUARDED_AVAILABILITY = YES_AGGRESSIVE;
				CLANG_WARN_UNREACHABLE_CODE = YES;
				CLANG_WARN__DUPLICATE_METHOD_MATCH = YES;
				COPY_PHASE_STRIP = NO;
				DEBUG_INFORMATION_FORMAT = "dwarf-with-dsym";
				ENABLE_NS_ASSERTIONS = NO;
				ENABLE_STRICT_OBJC_MSGSEND = YES;
				ENABLE_USER_SCRIPT_SANDBOXING = YES;
				GCC_C_LANGUAGE_STANDARD = gnu17;
				GCC_NO_COMMON_BLOCKS = YES;
				GCC_WARN_64_TO_32_BIT_CONVERSION = YES;
				GCC_WARN_ABOUT_RETURN_TYPE = YES_ERROR;
				GCC_WARN_UNDECLARED_SELECTOR = YES;
				GCC_WARN_UNINITIALIZED_AUTOS = YES_AGGRESSIVE;
				GCC_WARN_UNUSED_FUNCTION = YES;
				GCC_WARN_UNUSED_VARIABLE = YES;
				IPHONEOS_DEPLOYMENT_TARGET = 17.0;
				LOCALIZATION_PREFERS_STRING_CATALOGS = YES;
				MTL_ENABLE_DEBUG_INFO = NO;
				MTL_FAST_MATH = YES;
				SDKROOT = iphoneos;
				SWIFT_COMPILATION_MODE = wholemodule;
				VALIDATE_PRODUCT = YES;
			};
			name = Release;
		};
		2EA1223B2AC5892C008747D1 /* Debug */ = {
			isa = XCBuildConfiguration;
			buildSettings = {
				ALWAYS_EMBED_SWIFT_STANDARD_LIBRARIES = YES;
				ASSETCATALOG_COMPILER_APPICON_NAME = AppIcon;
				ASSETCATALOG_COMPILER_GLOBAL_ACCENT_COLOR_NAME = AccentColor;
				CODE_SIGN_ENTITLEMENTS = test1/test1.entitlements;
				CODE_SIGN_STYLE = Automatic;
				CURRENT_PROJECT_VERSION = 1;
				DEVELOPMENT_TEAM = 2FX323KNBX;
				GENERATE_INFOPLIST_FILE = YES;
				INFOPLIST_FILE = test1/Info.plist;
				INFOPLIST_KEY_UIApplicationSupportsIndirectInputEvents = YES;
				INFOPLIST_KEY_UILaunchStoryboardName = LaunchScreen;
				INFOPLIST_KEY_UIMainStoryboardFile = Main;
				INFOPLIST_KEY_UISupportedInterfaceOrientations_iPad = "UIInterfaceOrientationPortrait UIInterfaceOrientationPortraitUpsideDown UIInterfaceOrientationLandscapeLeft UIInterfaceOrientationLandscapeRight";
				INFOPLIST_KEY_UISupportedInterfaceOrientations_iPhone = "UIInterfaceOrientationPortrait UIInterfaceOrientationLandscapeLeft UIInterfaceOrientationLandscapeRight";
				LD_RUNPATH_SEARCH_PATHS = (
					"$(inherited)",
					"@executable_path/Frameworks",
				);
				MARKETING_VERSION = 1.0;
				PRODUCT_BUNDLE_IDENTIFIER = huy.test1;
				PRODUCT_NAME = "$(TARGET_NAME)";
				SWIFT_EMIT_LOC_STRINGS = YES;
				SWIFT_VERSION = 5.0;
				TARGETED_DEVICE_FAMILY = "1,2";
			};
			name = Debug;
		};
		2EA1223C2AC5892C008747D1 /* Release */ = {
			isa = XCBuildConfiguration;
			buildSettings = {
				ALWAYS_EMBED_SWIFT_STANDARD_LIBRARIES = YES;
				ASSETCATALOG_COMPILER_APPICON_NAME = AppIcon;
				ASSETCATALOG_COMPILER_GLOBAL_ACCENT_COLOR_NAME = AccentColor;
				CODE_SIGN_ENTITLEMENTS = test1/test1.entitlements;
				CODE_SIGN_STYLE = Automatic;
				CURRENT_PROJECT_VERSION = 1;
				DEVELOPMENT_TEAM = 2FX323KNBX;
				GENERATE_INFOPLIST_FILE = YES;
				INFOPLIST_FILE = test1/Info.plist;
				INFOPLIST_KEY_UIApplicationSupportsIndirectInputEvents = YES;
				INFOPLIST_KEY_UILaunchStoryboardName = LaunchScreen;
				INFOPLIST_KEY_UIMainStoryboardFile = Main;
				INFOPLIST_KEY_UISupportedInterfaceOrientations_iPad = "UIInterfaceOrientationPortrait UIInterfaceOrientationPortraitUpsideDown UIInterfaceOrientationLandscapeLeft UIInterfaceOrientationLandscapeRight";
				INFOPLIST_KEY_UISupportedInterfaceOrientations_iPhone = "UIInterfaceOrientationPortrait UIInterfaceOrientationLandscapeLeft UIInterfaceOrientationLandscapeRight";
				LD_RUNPATH_SEARCH_PATHS = (
					"$(inherited)",
					"@executable_path/Frameworks",
				);
				MARKETING_VERSION = 1.0;
				PRODUCT_BUNDLE_IDENTIFIER = huy.test1;
				PRODUCT_NAME = "$(TARGET_NAME)";
				SWIFT_EMIT_LOC_STRINGS = YES;
				SWIFT_VERSION = 5.0;
				TARGETED_DEVICE_FAMILY = "1,2";
			};
			name = Release;
		};
		2EA122582AC58A65008747D1 /* Debug */ = {
			isa = XCBuildConfiguration;
			buildSettings = {
				ASSETCATALOG_COMPILER_GLOBAL_ACCENT_COLOR_NAME = AccentColor;
				ASSETCATALOG_COMPILER_WIDGET_BACKGROUND_COLOR_NAME = WidgetBackground;
				CODE_SIGN_ENTITLEMENTS = WidgetExtensionExtension.entitlements;
				CODE_SIGN_STYLE = Automatic;
				CURRENT_PROJECT_VERSION = 1;
				DEVELOPMENT_TEAM = 2FX323KNBX;
				GENERATE_INFOPLIST_FILE = YES;
				INFOPLIST_FILE = WidgetExtension/Info.plist;
				INFOPLIST_KEY_CFBundleDisplayName = WidgetExtension;
				INFOPLIST_KEY_NSHumanReadableCopyright = "";
				LD_RUNPATH_SEARCH_PATHS = (
					"$(inherited)",
					"@executable_path/Frameworks",
					"@executable_path/../../Frameworks",
				);
				MARKETING_VERSION = 1.0;
				PRODUCT_BUNDLE_IDENTIFIER = huy.test1.WidgetExtension;
				PRODUCT_NAME = "$(TARGET_NAME)";
				SKIP_INSTALL = YES;
				SWIFT_EMIT_LOC_STRINGS = YES;
				SWIFT_VERSION = 5.0;
				TARGETED_DEVICE_FAMILY = "1,2";
			};
			name = Debug;
		};
		2EA122592AC58A65008747D1 /* Release */ = {
			isa = XCBuildConfiguration;
			buildSettings = {
				ASSETCATALOG_COMPILER_GLOBAL_ACCENT_COLOR_NAME = AccentColor;
				ASSETCATALOG_COMPILER_WIDGET_BACKGROUND_COLOR_NAME = WidgetBackground;
				CODE_SIGN_ENTITLEMENTS = WidgetExtensionExtension.entitlements;
				CODE_SIGN_STYLE = Automatic;
				CURRENT_PROJECT_VERSION = 1;
				DEVELOPMENT_TEAM = 2FX323KNBX;
				GENERATE_INFOPLIST_FILE = YES;
				INFOPLIST_FILE = WidgetExtension/Info.plist;
				INFOPLIST_KEY_CFBundleDisplayName = WidgetExtension;
				INFOPLIST_KEY_NSHumanReadableCopyright = "";
				LD_RUNPATH_SEARCH_PATHS = (
					"$(inherited)",
					"@executable_path/Frameworks",
					"@executable_path/../../Frameworks",
				);
				MARKETING_VERSION = 1.0;
				PRODUCT_BUNDLE_IDENTIFIER = huy.test1.WidgetExtension;
				PRODUCT_NAME = "$(TARGET_NAME)";
				SKIP_INSTALL = YES;
				SWIFT_EMIT_LOC_STRINGS = YES;
				SWIFT_VERSION = 5.0;
				TARGETED_DEVICE_FAMILY = "1,2";
			};
			name = Release;
		};
/* End XCBuildConfiguration section */

/* Begin XCConfigurationList section */
		2EA122212AC5892B008747D1 /* Build configuration list for PBXProject "test1" */ = {
			isa = XCConfigurationList;
			buildConfigurations = (
				2EA122382AC5892C008747D1 /* Debug */,
				2EA122392AC5892C008747D1 /* Release */,
			);
			defaultConfigurationIsVisible = 0;
			defaultConfigurationName = Release;
		};
		2EA1223A2AC5892C008747D1 /* Build configuration list for PBXNativeTarget "test1" */ = {
			isa = XCConfigurationList;
			buildConfigurations = (
				2EA1223B2AC5892C008747D1 /* Debug */,
				2EA1223C2AC5892C008747D1 /* Release */,
			);
			defaultConfigurationIsVisible = 0;
			defaultConfigurationName = Release;
		};
		2EA122572AC58A65008747D1 /* Build configuration list for PBXNativeTarget "WidgetExtensionExtension" */ = {
			isa = XCConfigurationList;
			buildConfigurations = (
				2EA122582AC58A65008747D1 /* Debug */,
				2EA122592AC58A65008747D1 /* Release */,
			);
			defaultConfigurationIsVisible = 0;
			defaultConfigurationName = Release;
		};
/* End XCConfigurationList section */
	};
	rootObject = 2EA1221E2AC5892B008747D1 /* Project object */;
}
